
Microsoft Visual Studio Solution File, Format Version 12.00
# Visual Studio Version 16
VisualStudioVersion = 16.0.30523.141
MinimumVisualStudioVersion = 10.0.40219.1
Project("{FAE04EC0-301F-11D3-BF4B-00C04F79EFBC}") = "Barbu_Madalina_Laborator4", "Barbu_Madalina_Laborator4.csproj", "{81F4F7FE-A2AB-4913-B7D6-1C0E57D386F3}"
EndProject
Project("{FAE04EC0-301F-11D3-BF4B-00C04F79EFBC}") = "AutoLotModel", "..\AutoLotModel\AutoLotModel.csproj", "{B91F9DB7-C4E2-436C-B2C1-C937C8B1F967}"
EndProject
Global
	GlobalSection(SolutionConfigurationPlatforms) = preSolution
		Debug|Any CPU = Debug|Any CPU
		Release|Any CPU = Release|Any CPU
	EndGlobalSection
	GlobalSection(ProjectConfigurationPlatforms) = postSolution
		{81F4F7FE-A2AB-4913-B7D6-1C0E57D386F3}.Debug|Any CPU.ActiveCfg = Debug|Any CPU
		{81F4F7FE-A2AB-4913-B7D6-1C0E57D386F3}.Debug|Any CPU.Build.0 = Debug|Any CPU
		{81F4F7FE-A2AB-4913-B7D6-1C0E57D386F3}.Release|Any CPU.ActiveCfg = Release|Any CPU
		{81F4F7FE-A2AB-4913-B7D6-1C0E57D386F3}.Release|Any CPU.Build.0 = Release|Any CPU
		{B91F9DB7-C4E2-436C-B2C1-C937C8B1F967}.Debug|Any CPU.ActiveCfg = Debug|Any CPU
		{B91F9DB7-C4E2-436C-B2C1-C937C8B1F967}.Debug|Any CPU.Build.0 = Debug|Any CPU
		{B91F9DB7-C4E2-436C-B2C1-C937C8B1F967}.Release|Any CPU.ActiveCfg = Release|Any CPU
		{B91F9DB7-C4E2-436C-B2C1-C937C8B1F967}.Release|Any CPU.Build.0 = Release|Any CPU
	EndGlobalSection
	GlobalSection(SolutionProperties) = preSolution
		HideSolutionNode = FALSE
	EndGlobalSection
	GlobalSection(ExtensibilityGlobals) = postSolution
		SolutionGuid = {21332AF8-270F-4B61-84FD-0C53D9B58E83}
	EndGlobalSection
EndGlobal
